
Microsoft Visual Studio Solution File, Format Version 12.00
# Visual Studio Version 17
VisualStudioVersion = 17.6.33717.318
MinimumVisualStudioVersion = 10.0.40219.1
Project("{FAE04EC0-301F-11D3-BF4B-00C04F79EFBC}") = "xmlGraduate", "xmlGraduate\xmlGraduate.csproj", "{5AD24FDA-42AE-474F-B849-502DA15130EA}"
EndProject
Global
	GlobalSection(SolutionConfigurationPlatforms) = preSolution
		Debug|Any CPU = Debug|Any CPU
		Release|Any CPU = Release|Any CPU
	EndGlobalSection
	GlobalSection(ProjectConfigurationPlatforms) = postSolution
		{5AD24FDA-42AE-474F-B849-502DA15130EA}.Debug|Any CPU.ActiveCfg = Debug|Any CPU
		{5AD24FDA-42AE-474F-B849-502DA15130EA}.Debug|Any CPU.Build.0 = Debug|Any CPU
		{5AD24FDA-42AE-474F-B849-502DA15130EA}.Release|Any CPU.ActiveCfg = Release|Any CPU
		{5AD24FDA-42AE-474F-B849-502DA15130EA}.Release|Any CPU.Build.0 = Release|Any CPU
	EndGlobalSection
	GlobalSection(SolutionProperties) = preSolution
		HideSolutionNode = FALSE
	EndGlobalSection
	GlobalSection(ExtensibilityGlobals) = postSolution
		SolutionGuid = {498F8810-A8E6-485D-B8FA-FB2CA498D1D4}
	EndGlobalSection
EndGlobal
